
Microsoft Visual Studio Solution File, Format Version 12.00
# Visual Studio Version 17
VisualStudioVersion = 17.1.32210.238
MinimumVisualStudioVersion = 10.0.40219.1
Project("{8BC9CEB8-8B4A-11D0-8D11-00A0C91BC942}") = "LinkList-Classes", "LinkList-Classes\LinkList-Classes.vcxproj", "{548CF8CD-931E-4319-8A78-5AE76C92B80F}"
EndProject
Global
	GlobalSection(SolutionConfigurationPlatforms) = preSolution
		Debug|x64 = Debug|x64
		Debug|x86 = Debug|x86
		Release|x64 = Release|x64
		Release|x86 = Release|x86
	EndGlobalSection
	GlobalSection(ProjectConfigurationPlatforms) = postSolution
		{548CF8CD-931E-4319-8A78-5AE76C92B80F}.Debug|x64.ActiveCfg = Debug|x64
		{548CF8CD-931E-4319-8A78-5AE76C92B80F}.Debug|x64.Build.0 = Debug|x64
		{548CF8CD-931E-4319-8A78-5AE76C92B80F}.Debug|x86.ActiveCfg = Debug|Win32
		{548CF8CD-931E-4319-8A78-5AE76C92B80F}.Debug|x86.Build.0 = Debug|Win32
		{548CF8CD-931E-4319-8A78-5AE76C92B80F}.Release|x64.ActiveCfg = Release|x64
		{548CF8CD-931E-4319-8A78-5AE76C92B80F}.Release|x64.Build.0 = Release|x64
		{548CF8CD-931E-4319-8A78-5AE76C92B80F}.Release|x86.ActiveCfg = Release|Win32
		{548CF8CD-931E-4319-8A78-5AE76C92B80F}.Release|x86.Build.0 = Release|Win32
	EndGlobalSection
	GlobalSection(SolutionProperties) = preSolution
		HideSolutionNode = FALSE
	EndGlobalSection
	GlobalSection(ExtensibilityGlobals) = postSolution
		SolutionGuid = {8EB3B278-F741-4C56-9CB4-AABAAB65D84C}
	EndGlobalSection
EndGlobal
